
Microsoft Visual Studio Solution File, Format Version 12.00
# Visual Studio Version 16
VisualStudioVersion = 16.0.31624.102
MinimumVisualStudioVersion = 10.0.40219.1
Project("{2150E333-8FDC-42A3-9474-1A3956D46DE8}") = "src", "src", "{7A3252A3-D3CB-475D-B8AE-2F838616868B}"
EndProject
Project("{2150E333-8FDC-42A3-9474-1A3956D46DE8}") = "WebApp", "WebApp", "{DBB3D79C-F76D-497A-8BBD-1F1C2CBC6622}"
EndProject
Project("{2150E333-8FDC-42A3-9474-1A3956D46DE8}") = "Core", "Core", "{B76F9D0F-417B-48F5-8A0A-5743F90348DC}"
EndProject
Project("{2150E333-8FDC-42A3-9474-1A3956D46DE8}") = "Infrastructure", "Infrastructure", "{47C4568B-F25E-4C70-B1B8-A6BD0C5CF1CC}"
EndProject
Project("{9A19103F-16F7-4668-BE54-9A1E7A4F7556}") = "BugTracker.Domain", "src\BugTracker.Domain\BugTracker.Domain.csproj", "{45FCFF1B-D220-41D9-8418-52745202108A}"
EndProject
Project("{9A19103F-16F7-4668-BE54-9A1E7A4F7556}") = "BugTracker.Persistence", "src\BugTracker.Persistence\BugTracker.Persistence.csproj", "{6FC5DAC6-562F-4807-95B5-74E91624D493}"
EndProject
Project("{9A19103F-16F7-4668-BE54-9A1E7A4F7556}") = "BugTracker.Infrastructure", "src\BugTracker.Infrastructure\BugTracker.Infrastructure.csproj", "{FA5FE375-3F76-4C07-A1A4-B2C843C349D9}"
EndProject
Project("{9A19103F-16F7-4668-BE54-9A1E7A4F7556}") = "BugTracker.Application", "src\BugTracker.Application\BugTracker.Application.csproj", "{68A2CCF7-442B-48A0-89A7-9F86985A237F}"
EndProject
Project("{9A19103F-16F7-4668-BE54-9A1E7A4F7556}") = "BugTracker", "src\WebApp\BugsTracker\BugTracker.csproj", "{08943A65-6E1F-403E-9F7C-FA5700CCC4EB}"
EndProject
Global
	GlobalSection(SolutionConfigurationPlatforms) = preSolution
		Debug|Any CPU = Debug|Any CPU
		Release|Any CPU = Release|Any CPU
	EndGlobalSection
	GlobalSection(ProjectConfigurationPlatforms) = postSolution
		{45FCFF1B-D220-41D9-8418-52745202108A}.Debug|Any CPU.ActiveCfg = Debug|Any CPU
		{45FCFF1B-D220-41D9-8418-52745202108A}.Debug|Any CPU.Build.0 = Debug|Any CPU
		{45FCFF1B-D220-41D9-8418-52745202108A}.Release|Any CPU.ActiveCfg = Release|Any CPU
		{45FCFF1B-D220-41D9-8418-52745202108A}.Release|Any CPU.Build.0 = Release|Any CPU
		{6FC5DAC6-562F-4807-95B5-74E91624D493}.Debug|Any CPU.ActiveCfg = Debug|Any CPU
		{6FC5DAC6-562F-4807-95B5-74E91624D493}.Debug|Any CPU.Build.0 = Debug|Any CPU
		{6FC5DAC6-562F-4807-95B5-74E91624D493}.Release|Any CPU.ActiveCfg = Release|Any CPU
		{6FC5DAC6-562F-4807-95B5-74E91624D493}.Release|Any CPU.Build.0 = Release|Any CPU
		{FA5FE375-3F76-4C07-A1A4-B2C843C349D9}.Debug|Any CPU.ActiveCfg = Debug|Any CPU
		{FA5FE375-3F76-4C07-A1A4-B2C843C349D9}.Debug|Any CPU.Build.0 = Debug|Any CPU
		{FA5FE375-3F76-4C07-A1A4-B2C843C349D9}.Release|Any CPU.ActiveCfg = Release|Any CPU
		{FA5FE375-3F76-4C07-A1A4-B2C843C349D9}.Release|Any CPU.Build.0 = Release|Any CPU
		{68A2CCF7-442B-48A0-89A7-9F86985A237F}.Debug|Any CPU.ActiveCfg = Debug|Any CPU
		{68A2CCF7-442B-48A0-89A7-9F86985A237F}.Debug|Any CPU.Build.0 = Debug|Any CPU
		{68A2CCF7-442B-48A0-89A7-9F86985A237F}.Release|Any CPU.ActiveCfg = Release|Any CPU
		{68A2CCF7-442B-48A0-89A7-9F86985A237F}.Release|Any CPU.Build.0 = Release|Any CPU
		{08943A65-6E1F-403E-9F7C-FA5700CCC4EB}.Debug|Any CPU.ActiveCfg = Debug|Any CPU
		{08943A65-6E1F-403E-9F7C-FA5700CCC4EB}.Debug|Any CPU.Build.0 = Debug|Any CPU
		{08943A65-6E1F-403E-9F7C-FA5700CCC4EB}.Release|Any CPU.ActiveCfg = Release|Any CPU
		{08943A65-6E1F-403E-9F7C-FA5700CCC4EB}.Release|Any CPU.Build.0 = Release|Any CPU
	EndGlobalSection
	GlobalSection(SolutionProperties) = preSolution
		HideSolutionNode = FALSE
	EndGlobalSection
	GlobalSection(NestedProjects) = preSolution
		{DBB3D79C-F76D-497A-8BBD-1F1C2CBC6622} = {7A3252A3-D3CB-475D-B8AE-2F838616868B}
		{B76F9D0F-417B-48F5-8A0A-5743F90348DC} = {7A3252A3-D3CB-475D-B8AE-2F838616868B}
		{47C4568B-F25E-4C70-B1B8-A6BD0C5CF1CC} = {7A3252A3-D3CB-475D-B8AE-2F838616868B}
		{45FCFF1B-D220-41D9-8418-52745202108A} = {B76F9D0F-417B-48F5-8A0A-5743F90348DC}
		{6FC5DAC6-562F-4807-95B5-74E91624D493} = {47C4568B-F25E-4C70-B1B8-A6BD0C5CF1CC}
		{FA5FE375-3F76-4C07-A1A4-B2C843C349D9} = {47C4568B-F25E-4C70-B1B8-A6BD0C5CF1CC}
		{68A2CCF7-442B-48A0-89A7-9F86985A237F} = {B76F9D0F-417B-48F5-8A0A-5743F90348DC}
		{08943A65-6E1F-403E-9F7C-FA5700CCC4EB} = {DBB3D79C-F76D-497A-8BBD-1F1C2CBC6622}
	EndGlobalSection
	GlobalSection(ExtensibilityGlobals) = postSolution
		SolutionGuid = {1E334D24-B283-44C4-A591-E4F32DDBD9D9}
	EndGlobalSection
EndGlobal
